Microsoft Visual Studio Solution File, Format Version 12.00
# Visual Studio Version 16
VisualStudioVersion = 16.0.31005.135
MinimumVisualStudioVersion = 10.0.40219.1
Project("{9A19103F-16F7-4668-BE54-9A1E7A4F7556}") = "ProductApi", "ProductApi\ProductApi.csproj", "{1AB07F84-B486-4705-9F0B-425D2EE530E8}"
EndProject
Project("{9A19103F-16F7-4668-BE54-9A1E7A4F7556}") = "OrderApi", "OrderApi\OrderApi.csproj", "{559DB926-84A6-4388-A849-138C85B00412}"
EndProject
Project("{9A19103F-16F7-4668-BE54-9A1E7A4F7556}") = "CustomerApi", "CustomerApi\CustomerApi.csproj", "{32044EFD-0408-45D7-9DE5-2A47481C117F}"
EndProject
Project("{E53339B2-1760-4266-BCC7-CA923CBCF16C}") = "docker-compose", "docker-compose.dcproj", "{D57CB353-E929-4C1A-B958-28657431053C}"
EndProject
Global
	GlobalSection(SolutionConfigurationPlatforms) = preSolution
		Debug|Any CPU = Debug|Any CPU
		Release|Any CPU = Release|Any CPU
	EndGlobalSection
	GlobalSection(ProjectConfigurationPlatforms) = postSolution
		{1AB07F84-B486-4705-9F0B-425D2EE530E8}.Debug|Any CPU.ActiveCfg = Debug|Any CPU
		{1AB07F84-B486-4705-9F0B-425D2EE530E8}.Debug|Any CPU.Build.0 = Debug|Any CPU
		{1AB07F84-B486-4705-9F0B-425D2EE530E8}.Release|Any CPU.ActiveCfg = Release|Any CPU
		{1AB07F84-B486-4705-9F0B-425D2EE530E8}.Release|Any CPU.Build.0 = Release|Any CPU
		{559DB926-84A6-4388-A849-138C85B00412}.Debug|Any CPU.ActiveCfg = Debug|Any CPU
		{559DB926-84A6-4388-A849-138C85B00412}.Debug|Any CPU.Build.0 = Debug|Any CPU
		{559DB926-84A6-4388-A849-138C85B00412}.Release|Any CPU.ActiveCfg = Release|Any CPU
		{559DB926-84A6-4388-A849-138C85B00412}.Release|Any CPU.Build.0 = Release|Any CPU
		{32044EFD-0408-45D7-9DE5-2A47481C117F}.Debug|Any CPU.ActiveCfg = Debug|Any CPU
		{32044EFD-0408-45D7-9DE5-2A47481C117F}.Debug|Any CPU.Build.0 = Debug|Any CPU
		{32044EFD-0408-45D7-9DE5-2A47481C117F}.Release|Any CPU.ActiveCfg = Release|Any CPU
		{32044EFD-0408-45D7-9DE5-2A47481C117F}.Release|Any CPU.Build.0 = Release|Any CPU
		{D57CB353-E929-4C1A-B958-28657431053C}.Debug|Any CPU.ActiveCfg = Debug|Any CPU
		{D57CB353-E929-4C1A-B958-28657431053C}.Debug|Any CPU.Build.0 = Debug|Any CPU
		{D57CB353-E929-4C1A-B958-28657431053C}.Release|Any CPU.ActiveCfg = Release|Any CPU
		{D57CB353-E929-4C1A-B958-28657431053C}.Release|Any CPU.Build.0 = Release|Any CPU
	EndGlobalSection
	GlobalSection(SolutionProperties) = preSolution
		HideSolutionNode = FALSE
	EndGlobalSection
	GlobalSection(ExtensibilityGlobals) = postSolution
		SolutionGuid = {02F0AF05-45F1-453B-8CA9-90AE0CDCDE84}
	EndGlobalSection
EndGlobal
